<?xml version="1.0" encoding="UTF-8"?>
<Scheme
   version = "1.3">
   <BuildAction>
      <BuildActionEntries>
         <BuildActionEntry
            buildForRunning = "YES">
            <BuildableReference
               BuildableIdentifier = "primary"
               BlueprintIdentifier = "2B05379B19E9CC3C005FE95E"
               BuildableName = "FGT Drive.app"
               BlueprintName = "Sleigh"
               ReferencedContainer = "container:Sleigh.xcodeproj">
            </BuildableReference>
         </BuildActionEntry>
      </BuildActionEntries>
   </BuildAction>
   <LaunchAction
      useCustomWorkingDirectory = "NO"
      buildConfiguration = "Debug">
      <BuildableProductRunnable>
         <BuildableReference
            BuildableIdentifier = "primary"
            BlueprintIdentifier = "2B05379B19E9CC3C005FE95E"
            BuildableName = "FGT Drive.app"
            BlueprintName = "Sleigh"
            ReferencedContainer = "container:Sleigh.xcodeproj">
         </BuildableReference>
      </BuildableProductRunnable>
   </LaunchAction>
</Scheme>
